PODS:
  - Alamofire (3.3.0)
  - Genome (2.0.4):
    - PureJsonSerializer (~> 1.0.0)
  - PureJsonSerializer (1.0.2)

DEPENDENCIES:
  - Alamofire
  - Genome

SPEC CHECKSUMS:
  Alamofire: 9054db4a1b1ca9e363223183e01cea380159a27c
  Genome: ee22f71d87eefac0f622f77e75d1fef7f7fa12e7
  PureJsonSerializer: 81d6bc0e21ed4b837193279aa3d29981f75f9057

PODFILE CHECKSUM: 1d1765f8a2c4aaaf287afac6e6efdcb3a9ec4465

COCOAPODS: 1.0.0
