PODS:
  - Alamofire (4.3.0)
  - Genome (3.0.2):
    - Genome/Default (= 3.0.2)
  - Genome/Core (3.0.2):
    - Genome/Packages
  - Genome/Default (3.0.2):
    - Genome/Core
    - Genome/Foundation
  - Genome/Foundation (3.0.2):
    - Genome/Core
  - Genome/Packages (3.0.2)

DEPENDENCIES:
  - Alamofire (~> 4.3)
  - Genome (~> 3.0)

SPEC CHECKSUMS:
  Alamofire: 856a113053a7bc9cbe5d6367a555d773fc5cfef7
  Genome: 44584c1e971899a5a4b20ee87faee452a5f1ac1a

PODFILE CHECKSUM: c0b9525be4d172e73134eded653bd159fa15cd44

COCOAPODS: 1.2.0
